// !$*UTF8*$!
{
	archiveVersion = 1;
	classes = {
	};
	objectVersion = 46;
	objects = {

/* Begin PBXBuildFile section */
		555490231E498D3A0050D5BF /* AppDelegate.swift in Sources */ = {isa = PBXBuildFile; fileRef = 555490221E498D3A0050D5BF /* AppDelegate.swift */; };
		555490251E498D3A0050D5BF /* ViewController.swift in Sources */ = {isa = PBXBuildFile; fileRef = 555490241E498D3A0050D5BF /* ViewController.swift */; };
		555490281E498D3A0050D5BF /* Main.storyboard in Resources */ = {isa = PBXBuildFile; fileRef = 555490261E498D3A0050D5BF /* Main.storyboard */; };
		5554902B1E498D3A0050D5BF /* Simple_Marquee_iOS.xcdatamodeld in Sources */ = {isa = PBXBuildFile; fileRef = 555490291E498D3A0050D5BF /* Simple_Marquee_iOS.xcdatamodeld */; };
		5554902D1E498D3A0050D5BF /* Assets.xcassets in Resources */ = {isa = PBXBuildFile; fileRef = 5554902C1E498D3A0050D5BF /* Assets.xcassets */; };
		555490301E498D3A0050D5BF /* LaunchScreen.storyboard in Resources */ = {isa = PBXBuildFile; fileRef = 5554902E1E498D3A0050D5BF /* LaunchScreen.storyboard */; };
/* End PBXBuildFile section */

/* Begin PBXFileReference section */
		5554901F1E498D3A0050D5BF /* Simple-Marquee-iOS.app */ = {isa = PBXFileReference; explicitFileType = wrapper.application; includeInIndex = 0; path = "Simple-Marquee-iOS.app"; sourceTree = BUILT_PRODUCTS_DIR; };
		555490221E498D3A0050D5BF /* AppDelegate.swift */ = {isa = PBXFileReference; lastKnownFileType = sourcecode.swift; path = AppDelegate.swift; sourceTree = "<group>"; };
		555490241E498D3A0050D5BF /* ViewController.swift */ = {isa = PBXFileReference; lastKnownFileType = sourcecode.swift; path = ViewController.swift; sourceTree = "<group>"; };
		555490271E498D3A0050D5BF /* Base */ = {isa = PBXFileReference; lastKnownFileType = file.storyboard; name = Base; path = Base.lproj/Main.storyboard; sourceTree = "<group>"; };
		5554902A1E498D3A0050D5BF /* Simple_Marquee_iOS.xcdatamodel */ = {isa = PBXFileReference; lastKnownFileType = wrapper.xcdatamodel; path = Simple_Marquee_iOS.xcdatamodel; sourceTree = "<group>"; };
		5554902C1E498D3A0050D5BF /* Assets.xcassets */ = {isa = PBXFileReference; lastKnownFileType = folder.assetcatalog; path = Assets.xcassets; sourceTree = "<group>"; };
		5554902F1E498D3A0050D5BF /* Base */ = {isa = PBXFileReference; lastKnownFileType = file.storyboard; name = Base; path = Base.lproj/LaunchScreen.storyboard; sourceTree = "<group>"; };
		555490311E498D3A0050D5BF /* Info.plist */ = {isa = PBXFileReference; lastKnownFileType = text.plist.xml; path = Info.plist; sourceTree = "<group>"; };
/* End PBXFileReference section */

/* Begin PBXFrameworksBuildPhase section */
		5554901C1E498D3A0050D5BF /* Frameworks */ = {
			isa = PBXFrameworksBuildPhase;
			buildActionMask = 2147483647;
			files = (
			);
			runOnlyForDeploymentPostprocessing = 0;
		};
/* End PBXFrameworksBuildPhase section */

/* Begin PBXGroup section */
		555490161E498D3A0050D5BF = {
			isa = PBXGroup;
			children = (
				555490211E498D3A0050D5BF /* Simple-Marquee-iOS */,
				555490201E498D3A0050D5BF /* Products */,
			);
			sourceTree = "<group>";
		};
		555490201E498D3A0050D5BF /* Products */ = {
			isa = PBXGroup;
			children = (
				5554901F1E498D3A0050D5BF /* Simple-Marquee-iOS.app */,
			);
			name = Products;
			sourceTree = "<group>";
		};
		555490211E498D3A0050D5BF /* Simple-Marquee-iOS */ = {
			isa = PBXGroup;
			children = (
				555490221E498D3A0050D5BF /* AppDelegate.swift */,
				555490241E498D3A0050D5BF /* ViewController.swift */,
				555490261E498D3A0050D5BF /* Main.storyboard */,
				5554902C1E498D3A0050D5BF /* Assets.xcassets */,
				5554902E1E498D3A0050D5BF /* LaunchScreen.storyboard */,
				555490311E498D3A0050D5BF /* Info.plist */,
				555490291E498D3A0050D5BF /* Simple_Marquee_iOS.xcdatamodeld */,
			);
			path = "Simple-Marquee-iOS";
			sourceTree = "<group>";
		};
/* End PBXGroup section */

/* Begin PBXNativeTarget section */
		5554901E1E498D3A0050D5BF /* Simple-Marquee-iOS */ = {
			isa = PBXNativeTarget;
			buildConfigurationList = 555490341E498D3A0050D5BF /* Build configuration list for PBXNativeTarget "Simple-Marquee-iOS" */;
			buildPhases = (
				5554901B1E498D3A0050D5BF /* Sources */,
				5554901C1E498D3A0050D5BF /* Frameworks */,
				5554901D1E498D3A0050D5BF /* Resources */,
			);
			buildRules = (
			);
			dependencies = (
			);
			name = "Simple-Marquee-iOS";
			productName = "Simple-Marquee-iOS";
			productReference = 5554901F1E498D3A0050D5BF /* Simple-Marquee-iOS.app */;
			productType = "com.apple.product-type.application";
		};
/* End PBXNativeTarget section */

/* Begin PBXProject section */
		555490171E498D3A0050D5BF /* Project object */ = {
			isa = PBXProject;
			attributes = {
				LastSwiftUpdateCheck = 0820;
				LastUpgradeCheck = 0820;
				ORGANIZATIONNAME = Bit2Labz;
				TargetAttributes = {
					5554901E1E498D3A0050D5BF = {
						CreatedOnToolsVersion = 8.2.1;
						ProvisioningStyle = Automatic;
					};
				};
			};
			buildConfigurationList = 5554901A1E498D3A0050D5BF /* Build configuration list for PBXProject "Simple-Marquee-iOS" */;
			compatibilityVersion = "Xcode 3.2";
			developmentRegion = English;
			hasScannedForEncodings = 0;
			knownRegions = (
				en,
				Base,
			);
			mainGroup = 555490161E498D3A0050D5BF;
			productRefGroup = 555490201E498D3A0050D5BF /* Products */;
			projectDirPath = "";
			projectRoot = "";
			targets = (
				5554901E1E498D3A0050D5BF /* Simple-Marquee-iOS */,
			);
		};
/* End PBXProject section */

/* Begin PBXResourcesBuildPhase section */
		5554901D1E498D3A0050D5BF /* Resources */ = {
			isa = PBXResourcesBuildPhase;
			buildActionMask = 2147483647;
			files = (
				555490301E498D3A0050D5BF /* LaunchScreen.storyboard in Resources */,
				5554902D1E498D3A0050D5BF /* Assets.xcassets in Resources */,
				555490281E498D3A0050D5BF /* Main.storyboard in Resources */,
			);
			runOnlyForDeploymentPostprocessing = 0;
		};
/* End PBXResourcesBuildPhase section */

/* Begin PBXSourcesBuildPhase section */
		5554901B1E498D3A0050D5BF /* Sources */ = {
			isa = PBXSourcesBuildPhase;
			buildActionMask = 2147483647;
			files = (
				555490251E498D3A0050D5BF /* ViewController.swift in Sources */,
				555490231E498D3A0050D5BF /* AppDelegate.swift in Sources */,
				5554902B1E498D3A0050D5BF /* Simple_Marquee_iOS.xcdatamodeld in Sources */,
			);
			runOnlyForDeploymentPostprocessing = 0;
		};
/* End PBXSourcesBuildPhase section */

/* Begin PBXVariantGroup section */
		555490261E498D3A0050D5BF /* Main.storyboard */ = {
			isa = PBXVariantGroup;
			children = (
				555490271E498D3A0050D5BF /* Base */,
			);
			name = Main.storyboard;
			sourceTree = "<group>";
		};
		5554902E1E498D3A0050D5BF /* LaunchScreen.storyboard */ = {
			isa = PBXVariantGroup;
			children = (
				5554902F1E498D3A0050D5BF /* Base */,
			);
			name = LaunchScreen.storyboard;
			sourceTree = "<group>";
		};
/* End PBXVariantGroup section */

/* Begin XCBuildConfiguration section */
		555490321E498D3A0050D5BF /* Debug */ = {
			isa = XCBuildConfiguration;
			buildSettings = {
				ALWAYS_SEARCH_USER_PATHS = NO;
				CLANG_ANALYZER_NONNULL = YES;
				CLANG_CXX_LANGUAGE_STANDARD = "gnu++0x";
				CLANG_CXX_LIBRARY = "libc++";
				CLANG_ENABLE_MODULES = YES;
				CLANG_ENABLE_OBJC_ARC = YES;
				CLANG_WARN_BOOL_CONVERSION = YES;
				CLANG_WARN_CONSTANT_CONVERSION = YES;
				CLANG_WARN_DIRECT_OBJC_ISA_USAGE = YES_ERROR;
				CLANG_WARN_DOCUMENTATION_COMMENTS = YES;
				CLANG_WARN_EMPTY_BODY = YES;
				CLANG_WARN_ENUM_CONVERSION = YES;
				CLANG_WARN_INFINITE_RECURSION = YES;
				CLANG_WARN_INT_CONVERSION = YES;
				CLANG_WARN_OBJC_ROOT_CLASS = YES_ERROR;
				CLANG_WARN_SUSPICIOUS_MOVE = YES;
				CLANG_WARN_UNREACHABLE_CODE = YES;
				CLANG_WARN__DUPLICATE_METHOD_MATCH = YES;
				"CODE_SIGN_IDENTITY[sdk=iphoneos*]" = "iPhone Developer";
				COPY_PHASE_STRIP = NO;
				DEBUG_INFORMATION_FORMAT = dwarf;
				ENABLE_STRICT_OBJC_MSGSEND = YES;
				ENABLE_TESTABILITY = YES;
				GCC_C_LANGUAGE_STANDARD = gnu99;
				GCC_DYNAMIC_NO_PIC = NO;
				GCC_NO_COMMON_BLOCKS = YES;
				GCC_OPTIMIZATION_LEVEL = 0;
				GCC_PREPROCESSOR_DEFINITIONS = (
					"DEBUG=1",
					"$(inherited)",
				);
				GCC_WARN_64_TO_32_BIT_CONVERSION = YES;
				GCC_WARN_ABOUT_RETURN_TYPE = YES_ERROR;
				GCC_WARN_UNDECLARED_SELECTOR = YES;
				GCC_WARN_UNINITIALIZED_AUTOS = YES_AGGRESSIVE;
				GCC_WARN_UNUSED_FUNCTION = YES;
				GCC_WARN_UNUSED_VARIABLE = YES;
				IPHONEOS_DEPLOYMENT_TARGET = 10.2;
				MTL_ENABLE_DEBUG_INFO = YES;
				ONLY_ACTIVE_ARCH = YES;
				SDKROOT = iphoneos;
				SWIFT_ACTIVE_COMPILATION_CONDITIONS = DEBUG;
				SWIFT_OPTIMIZATION_LEVEL = "-Onone";
			};
			name = Debug;
		};
		555490331E498D3A0050D5BF /* Release */ = {
			isa = XCBuildConfiguration;
			buildSettings = {
				ALWAYS_SEARCH_USER_PATHS = NO;
				CLANG_ANALYZER_NONNULL = YES;
				CLANG_CXX_LANGUAGE_STANDARD = "gnu++0x";
				CLANG_CXX_LIBRARY = "libc++";
				CLANG_ENABLE_MODULES = YES;
				CLANG_ENABLE_OBJC_ARC = YES;
				CLANG_WARN_BOOL_CONVERSION = YES;
				CLANG_WARN_CONSTANT_CONVERSION = YES;
				CLANG_WARN_DIRECT_OBJC_ISA_USAGE = YES_ERROR;
				CLANG_WARN_DOCUMENTATION_COMMENTS = YES;
				CLANG_WARN_EMPTY_BODY = YES;
				CLANG_WARN_ENUM_CONVERSION = YES;
				CLANG_WARN_INFINITE_RECURSION = YES;
				CLANG_WARN_INT_CONVERSION = YES;
				CLANG_WARN_OBJC_ROOT_CLASS = YES_ERROR;
				CLANG_WARN_SUSPICIOUS_MOVE = YES;
				CLANG_WARN_UNREACHABLE_CODE = YES;
				CLANG_WARN__DUPLICATE_METHOD_MATCH = YES;
				"CODE_SIGN_IDENTITY[sdk=iphoneos*]" = "iPhone Developer";
				COPY_PHASE_STRIP = NO;
				DEBUG_INFORMATION_FORMAT = "dwarf-with-dsym";
				ENABLE_NS_ASSERTIONS = NO;
				ENABLE_STRICT_OBJC_MSGSEND = YES;
				GCC_C_LANGUAGE_STANDARD = gnu99;
				GCC_NO_COMMON_BLOCKS = YES;
				GCC_WARN_64_TO_32_BIT_CONVERSION = YES;
				GCC_WARN_ABOUT_RETURN_TYPE = YES_ERROR;
				GCC_WARN_UNDECLARED_SELECTOR = YES;
				GCC_WARN_UNINITIALIZED_AUTOS = YES_AGGRESSIVE;
				GCC_WARN_UNUSED_FUNCTION = YES;
				GCC_WARN_UNUSED_VARIABLE = YES;
				IPHONEOS_DEPLOYMENT_TARGET = 10.2;
				MTL_ENABLE_DEBUG_INFO = NO;
				SDKROOT = iphoneos;
				SWIFT_OPTIMIZATION_LEVEL = "-Owholemodule";
				VALIDATE_PRODUCT = YES;
			};
			name = Release;
		};
		555490351E498D3A0050D5BF /* Debug */ = {
			isa = XCBuildConfiguration;
			buildSettings = {
				ASSETCATALOG_COMPILER_APPICON_NAME = AppIcon;
				INFOPLIST_FILE = "Simple-Marquee-iOS/Info.plist";
				LD_RUNPATH_SEARCH_PATHS = "$(inherited) @executable_path/Frameworks";
				PRODUCT_BUNDLE_IDENTIFIER = "com.bit2labz.Simple-Marquee-iOS";
				PRODUCT_NAME = "$(TARGET_NAME)";
				SWIFT_VERSION = 3.0;
			};
			name = Debug;
		};
		555490361E498D3A0050D5BF /* Release */ = {
			isa = XCBuildConfiguration;
			buildSettings = {
				ASSETCATALOG_COMPILER_APPICON_NAME = AppIcon;
				INFOPLIST_FILE = "Simple-Marquee-iOS/Info.plist";
				LD_RUNPATH_SEARCH_PATHS = "$(inherited) @executable_path/Frameworks";
				PRODUCT_BUNDLE_IDENTIFIER = "com.bit2labz.Simple-Marquee-iOS";
				PRODUCT_NAME = "$(TARGET_NAME)";
				SWIFT_VERSION = 3.0;
			};
			name = Release;
		};
/* End XCBuildConfiguration section */

/* Begin XCConfigurationList section */
		5554901A1E498D3A0050D5BF /* Build configuration list for PBXProject "Simple-Marquee-iOS" */ = {
			isa = XCConfigurationList;
			buildConfigurations = (
				555490321E498D3A0050D5BF /* Debug */,
				555490331E498D3A0050D5BF /* Release */,
			);
			defaultConfigurationIsVisible = 0;
			defaultConfigurationName = Release;
		};
		555490341E498D3A0050D5BF /* Build configuration list for PBXNativeTarget "Simple-Marquee-iOS" */ = {
			isa = XCConfigurationList;
			buildConfigurations = (
				555490351E498D3A0050D5BF /* Debug */,
				555490361E498D3A0050D5BF /* Release */,
			);
			defaultConfigurationIsVisible = 0;
		};
/* End XCConfigurationList section */

/* Begin XCVersionGroup section */
		555490291E498D3A0050D5BF /* Simple_Marquee_iOS.xcdatamodeld */ = {
			isa = XCVersionGroup;
			children = (
				5554902A1E498D3A0050D5BF /* Simple_Marquee_iOS.xcdatamodel */,
			);
			currentVersion = 5554902A1E498D3A0050D5BF /* Simple_Marquee_iOS.xcdatamodel */;
			path = Simple_Marquee_iOS.xcdatamodeld;
			sourceTree = "<group>";
			versionGroupType = wrapper.xcdatamodel;
		};
/* End XCVersionGroup section */
	};
	rootObject = 555490171E498D3A0050D5BF /* Project object */;
}
